
Microsoft Visual Studio Solution File, Format Version 12.00
# Visual Studio Version 17
VisualStudioVersion = 17.1.32210.238
MinimumVisualStudioVersion = 10.0.40219.1
Project("{FAE04EC0-301F-11D3-BF4B-00C04F79EFBC}") = "WinFormsApp1", "WinFormsApp1.csproj", "{D0030A62-385E-4470-A572-D4C076511431}"
EndProject
Global
	GlobalSection(SolutionConfigurationPlatforms) = preSolution
		Debug|Any CPU = Debug|Any CPU
		Release|Any CPU = Release|Any CPU
	EndGlobalSection
	GlobalSection(ProjectConfigurationPlatforms) = postSolution
		{D0030A62-385E-4470-A572-D4C076511431}.Debug|Any CPU.ActiveCfg = Debug|Any CPU
		{D0030A62-385E-4470-A572-D4C076511431}.Debug|Any CPU.Build.0 = Debug|Any CPU
		{D0030A62-385E-4470-A572-D4C076511431}.Release|Any CPU.ActiveCfg = Release|Any CPU
		{D0030A62-385E-4470-A572-D4C076511431}.Release|Any CPU.Build.0 = Release|Any CPU
	EndGlobalSection
	GlobalSection(SolutionProperties) = preSolution
		HideSolutionNode = FALSE
	EndGlobalSection
	GlobalSection(ExtensibilityGlobals) = postSolution
		SolutionGuid = {955F8539-570C-448A-B446-56F89D79ABF7}
	EndGlobalSection
EndGlobal
